
Microsoft Visual Studio Solution File, Format Version 12.00
# Visual Studio Version 17
VisualStudioVersion = 17.0.31912.275
MinimumVisualStudioVersion = 10.0.40219.1
Project("{FAE04EC0-301F-11D3-BF4B-00C04F79EFBC}") = "Interfaces", "Interfaces\Interfaces.csproj", "{FD0398DE-AA74-4EA5-8EA5-8619D32475BC}"
EndProject
Global
	GlobalSection(SolutionConfigurationPlatforms) = preSolution
		Debug|Any CPU = Debug|Any CPU
		Release|Any CPU = Release|Any CPU
	EndGlobalSection
	GlobalSection(ProjectConfigurationPlatforms) = postSolution
		{FD0398DE-AA74-4EA5-8EA5-8619D32475BC}.Debug|Any CPU.ActiveCfg = Debug|Any CPU
		{FD0398DE-AA74-4EA5-8EA5-8619D32475BC}.Debug|Any CPU.Build.0 = Debug|Any CPU
		{FD0398DE-AA74-4EA5-8EA5-8619D32475BC}.Release|Any CPU.ActiveCfg = Release|Any CPU
		{FD0398DE-AA74-4EA5-8EA5-8619D32475BC}.Release|Any CPU.Build.0 = Release|Any CPU
	EndGlobalSection
	GlobalSection(SolutionProperties) = preSolution
		HideSolutionNode = FALSE
	EndGlobalSection
	GlobalSection(ExtensibilityGlobals) = postSolution
		SolutionGuid = {1BE3437E-1318-49D8-9663-CD22C3DDAAFA}
	EndGlobalSection
EndGlobal
